// !$*UTF8*$!
{
	archiveVersion = 1;
	classes = {
	};
	objectVersion = 46;
	objects = {

/* Begin PBXBuildFile section */
		8C3806051E02395D008144D6 /* AppDelegate.swift in Sources */ = {isa = PBXBuildFile; fileRef = 8C3806041E02395D008144D6 /* AppDelegate.swift */; };
		8C38060A1E02395D008144D6 /* Main.storyboard in Resources */ = {isa = PBXBuildFile; fileRef = 8C3806081E02395D008144D6 /* Main.storyboard */; };
		8C38060C1E02395D008144D6 /* Assets.xcassets in Resources */ = {isa = PBXBuildFile; fileRef = 8C38060B1E02395D008144D6 /* Assets.xcassets */; };
		8C38060F1E02395D008144D6 /* LaunchScreen.storyboard in Resources */ = {isa = PBXBuildFile; fileRef = 8C38060D1E02395D008144D6 /* LaunchScreen.storyboard */; };
		8C38061A1E02395D008144D6 /* tipCalculatorTests.swift in Sources */ = {isa = PBXBuildFile; fileRef = 8C3806191E02395D008144D6 /* tipCalculatorTests.swift */; };
		8C3806251E02395D008144D6 /* tipCalculatorUITests.swift in Sources */ = {isa = PBXBuildFile; fileRef = 8C3806241E02395D008144D6 /* tipCalculatorUITests.swift */; };
		8C3806331E0248FC008144D6 /* SettingsViewController.swift in Sources */ = {isa = PBXBuildFile; fileRef = 8C3806321E0248FC008144D6 /* SettingsViewController.swift */; };
		8C3806371E0270AC008144D6 /* Podfile in Resources */ = {isa = PBXBuildFile; fileRef = 8C3806361E0270AC008144D6 /* Podfile */; };
		8C3806401E0281AC008144D6 /* ViewController.swift in Sources */ = {isa = PBXBuildFile; fileRef = 8C3806061E02395D008144D6 /* ViewController.swift */; };
		8C59C6C31E029472004EE2F9 /* DIN-Regular.ttf in Resources */ = {isa = PBXBuildFile; fileRef = 8C59C6C21E029470004EE2F9 /* DIN-Regular.ttf */; };
		8C59C6CC1E02A85C004EE2F9 /* Settings Filled-25.png in Resources */ = {isa = PBXBuildFile; fileRef = 8C59C6CB1E02A85C004EE2F9 /* Settings Filled-25.png */; };
		8C59C6CE1E02A8DA004EE2F9 /* LOL Filled-25.png in Resources */ = {isa = PBXBuildFile; fileRef = 8C59C6CD1E02A8DA004EE2F9 /* LOL Filled-25.png */; };
		8C59C6D01E02A8DF004EE2F9 /* Happy Filled-25.png in Resources */ = {isa = PBXBuildFile; fileRef = 8C59C6CF1E02A8DF004EE2F9 /* Happy Filled-25.png */; };
		8C59C6D21E02A8E4004EE2F9 /* Sad Filled-25.png in Resources */ = {isa = PBXBuildFile; fileRef = 8C59C6D11E02A8E4004EE2F9 /* Sad Filled-25.png */; };
		8C6B22E21E037E0800F3298E /* Style.swift in Sources */ = {isa = PBXBuildFile; fileRef = 8C6B22E11E037E0800F3298E /* Style.swift */; };
		E55D50BC3ADCE7512E08DD7D /* Pods_tipCalculator.framework in Frameworks */ = {isa = PBXBuildFile; fileRef = E20D3B746C50EED6F6CB0E07 /* Pods_tipCalculator.framework */; };
/* End PBXBuildFile section */

/* Begin PBXContainerItemProxy section */
		8C3806161E02395D008144D6 /* PBXContainerItemProxy */ = {
			isa = PBXContainerItemProxy;
			containerPortal = 8C3805F91E02395D008144D6 /* Project object */;
			proxyType = 1;
			remoteGlobalIDString = 8C3806001E02395D008144D6;
			remoteInfo = tipCalculator;
		};
		8C3806211E02395D008144D6 /* PBXContainerItemProxy */ = {
			isa = PBXContainerItemProxy;
			containerPortal = 8C3805F91E02395D008144D6 /* Project object */;
			proxyType = 1;
			remoteGlobalIDString = 8C3806001E02395D008144D6;
			remoteInfo = tipCalculator;
		};
/* End PBXContainerItemProxy section */

/* Begin PBXFileReference section */
		2F367BA49931793BD13CE77A /* Pods-tipCalculator.release.xcconfig */ = {isa = PBXFileReference; includeInIndex = 1; lastKnownFileType = text.xcconfig; name = "Pods-tipCalculator.release.xcconfig"; path = "Pods/Target Support Files/Pods-tipCalculator/Pods-tipCalculator.release.xcconfig"; sourceTree = "<group>"; };
		8C3806011E02395D008144D6 /* tipCalculator.app */ = {isa = PBXFileReference; explicitFileType = wrapper.application; includeInIndex = 0; path = tipCalculator.app; sourceTree = BUILT_PRODUCTS_DIR; };
		8C3806041E02395D008144D6 /* AppDelegate.swift */ = {isa = PBXFileReference; lastKnownFileType = sourcecode.swift; path = AppDelegate.swift; sourceTree = "<group>"; };
		8C3806061E02395D008144D6 /* ViewController.swift */ = {isa = PBXFileReference; lastKnownFileType = sourcecode.swift; path = ViewController.swift; sourceTree = "<group>"; };
		8C3806091E02395D008144D6 /* Base */ = {isa = PBXFileReference; lastKnownFileType = file.storyboard; name = Base; path = Base.lproj/Main.storyboard; sourceTree = "<group>"; };
		8C38060B1E02395D008144D6 /* Assets.xcassets */ = {isa = PBXFileReference; lastKnownFileType = folder.assetcatalog; path = Assets.xcassets; sourceTree = "<group>"; };
		8C38060E1E02395D008144D6 /* Base */ = {isa = PBXFileReference; lastKnownFileType = file.storyboard; name = Base; path = Base.lproj/LaunchScreen.storyboard; sourceTree = "<group>"; };
		8C3806101E02395D008144D6 /* Info.plist */ = {isa = PBXFileReference; lastKnownFileType = text.plist.xml; path = Info.plist; sourceTree = "<group>"; };
		8C3806151E02395D008144D6 /* tipCalculatorTests.xctest */ = {isa = PBXFileReference; explicitFileType = wrapper.cfbundle; includeInIndex = 0; path = tipCalculatorTests.xctest; sourceTree = BUILT_PRODUCTS_DIR; };
		8C3806191E02395D008144D6 /* tipCalculatorTests.swift */ = {isa = PBXFileReference; lastKnownFileType = sourcecode.swift; path = tipCalculatorTests.swift; sourceTree = "<group>"; };
		8C38061B1E02395D008144D6 /* Info.plist */ = {isa = PBXFileReference; lastKnownFileType = text.plist.xml; path = Info.plist; sourceTree = "<group>"; };
		8C3806201E02395D008144D6 /* tipCalculatorUITests.xctest */ = {isa = PBXFileReference; explicitFileType = wrapper.cfbundle; includeInIndex = 0; path = tipCalculatorUITests.xctest; sourceTree = BUILT_PRODUCTS_DIR; };
		8C3806241E02395D008144D6 /* tipCalculatorUITests.swift */ = {isa = PBXFileReference; lastKnownFileType = sourcecode.swift; path = tipCalculatorUITests.swift; sourceTree = "<group>"; };
		8C3806261E02395D008144D6 /* Info.plist */ = {isa = PBXFileReference; lastKnownFileType = text.plist.xml; path = Info.plist; sourceTree = "<group>"; };
		8C3806321E0248FC008144D6 /* SettingsViewController.swift */ = {isa = PBXFileReference; fileEncoding = 4; lastKnownFileType = sourcecode.swift; path = SettingsViewController.swift; sourceTree = "<group>"; };
		8C3806361E0270AC008144D6 /* Podfile */ = {isa = PBXFileReference; fileEncoding = 4; lastKnownFileType = text; path = Podfile; sourceTree = "<group>"; };
		8C59C6C21E029470004EE2F9 /* DIN-Regular.ttf */ = {isa = PBXFileReference; lastKnownFileType = file; name = "DIN-Regular.ttf"; path = "../../../../../Downloads/dinlight/DIN-Regular.ttf"; sourceTree = "<group>"; };
		8C59C6C41E029486004EE2F9 /* DIN-Bold.ttf */ = {isa = PBXFileReference; lastKnownFileType = file; name = "DIN-Bold.ttf"; path = "../../../../../Downloads/dinlight/DIN-Bold.ttf"; sourceTree = "<group>"; };
		8C59C6CB1E02A85C004EE2F9 /* Settings Filled-25.png */ = {isa = PBXFileReference; lastKnownFileType = image.png; name = "Settings Filled-25.png"; path = "../../../../../Downloads/Settings Filled-25.png"; sourceTree = "<group>"; };
		8C59C6CD1E02A8DA004EE2F9 /* LOL Filled-25.png */ = {isa = PBXFileReference; lastKnownFileType = image.png; name = "LOL Filled-25.png"; path = "../../../../../Downloads/LOL Filled-25.png"; sourceTree = "<group>"; };
		8C59C6CF1E02A8DF004EE2F9 /* Happy Filled-25.png */ = {isa = PBXFileReference; lastKnownFileType = image.png; name = "Happy Filled-25.png"; path = "../../../../../Downloads/Happy Filled-25.png"; sourceTree = "<group>"; };
		8C59C6D11E02A8E4004EE2F9 /* Sad Filled-25.png */ = {isa = PBXFileReference; lastKnownFileType = image.png; name = "Sad Filled-25.png"; path = "../../../../../Downloads/Sad Filled-25.png"; sourceTree = "<group>"; };
		8C6B22E11E037E0800F3298E /* Style.swift */ = {isa = PBXFileReference; fileEncoding = 4; lastKnownFileType = sourcecode.swift; path = Style.swift; sourceTree = "<group>"; };
		935CC917C5AFAE493F0DC74D /* Pods-tipCalculator.debug.xcconfig */ = {isa = PBXFileReference; includeInIndex = 1; lastKnownFileType = text.xcconfig; name = "Pods-tipCalculator.debug.xcconfig"; path = "Pods/Target Support Files/Pods-tipCalculator/Pods-tipCalculator.debug.xcconfig"; sourceTree = "<group>"; };
		E20D3B746C50EED6F6CB0E07 /* Pods_tipCalculator.framework */ = {isa = PBXFileReference; explicitFileType = wrapper.framework; includeInIndex = 0; path = Pods_tipCalculator.framework; sourceTree = BUILT_PRODUCTS_DIR; };
/* End PBXFileReference section */

/* Begin PBXFrameworksBuildPhase section */
		8C3805FE1E02395D008144D6 /* Frameworks */ = {
			isa = PBXFrameworksBuildPhase;
			buildActionMask = 2147483647;
			files = (
				E55D50BC3ADCE7512E08DD7D /* Pods_tipCalculator.framework in Frameworks */,
			);
			runOnlyForDeploymentPostprocessing = 0;
		};
		8C3806121E02395D008144D6 /* Frameworks */ = {
			isa = PBXFrameworksBuildPhase;
			buildActionMask = 2147483647;
			files = (
			);
			runOnlyForDeploymentPostprocessing = 0;
		};
		8C38061D1E02395D008144D6 /* Frameworks */ = {
			isa = PBXFrameworksBuildPhase;
			buildActionMask = 2147483647;
			files = (
			);
			runOnlyForDeploymentPostprocessing = 0;
		};
/* End PBXFrameworksBuildPhase section */

/* Begin PBXGroup section */
		60531291FA7F95531189107F /* Frameworks */ = {
			isa = PBXGroup;
			children = (
				E20D3B746C50EED6F6CB0E07 /* Pods_tipCalculator.framework */,
			);
			name = Frameworks;
			sourceTree = "<group>";
		};
		8C3805F81E02395D008144D6 = {
			isa = PBXGroup;
			children = (
				8C3806361E0270AC008144D6 /* Podfile */,
				8C3806031E02395D008144D6 /* tipCalculator */,
				8C3806181E02395D008144D6 /* tipCalculatorTests */,
				8C3806231E02395D008144D6 /* tipCalculatorUITests */,
				8C3806021E02395D008144D6 /* Products */,
				E68A563A39096F443F8A53A8 /* Pods */,
				60531291FA7F95531189107F /* Frameworks */,
			);
			sourceTree = "<group>";
		};
		8C3806021E02395D008144D6 /* Products */ = {
			isa = PBXGroup;
			children = (
				8C3806011E02395D008144D6 /* tipCalculator.app */,
				8C3806151E02395D008144D6 /* tipCalculatorTests.xctest */,
				8C3806201E02395D008144D6 /* tipCalculatorUITests.xctest */,
			);
			name = Products;
			sourceTree = "<group>";
		};
		8C3806031E02395D008144D6 /* tipCalculator */ = {
			isa = PBXGroup;
			children = (
				8C3806041E02395D008144D6 /* AppDelegate.swift */,
				8C3806061E02395D008144D6 /* ViewController.swift */,
				8C3806081E02395D008144D6 /* Main.storyboard */,
				8C6B22E11E037E0800F3298E /* Style.swift */,
				8C3806321E0248FC008144D6 /* SettingsViewController.swift */,
				8C59C6C21E029470004EE2F9 /* DIN-Regular.ttf */,
				8C59C6CD1E02A8DA004EE2F9 /* LOL Filled-25.png */,
				8C59C6D11E02A8E4004EE2F9 /* Sad Filled-25.png */,
				8C59C6CF1E02A8DF004EE2F9 /* Happy Filled-25.png */,
				8C59C6C41E029486004EE2F9 /* DIN-Bold.ttf */,
				8C59C6CB1E02A85C004EE2F9 /* Settings Filled-25.png */,
				8C38060B1E02395D008144D6 /* Assets.xcassets */,
				8C38060D1E02395D008144D6 /* LaunchScreen.storyboard */,
				8C3806101E02395D008144D6 /* Info.plist */,
			);
			path = tipCalculator;
			sourceTree = "<group>";
		};
		8C3806181E02395D008144D6 /* tipCalculatorTests */ = {
			isa = PBXGroup;
			children = (
				8C3806191E02395D008144D6 /* tipCalculatorTests.swift */,
				8C38061B1E02395D008144D6 /* Info.plist */,
			);
			path = tipCalculatorTests;
			sourceTree = "<group>";
		};
		8C3806231E02395D008144D6 /* tipCalculatorUITests */ = {
			isa = PBXGroup;
			children = (
				8C3806241E02395D008144D6 /* tipCalculatorUITests.swift */,
				8C3806261E02395D008144D6 /* Info.plist */,
			);
			path = tipCalculatorUITests;
			sourceTree = "<group>";
		};
		E68A563A39096F443F8A53A8 /* Pods */ = {
			isa = PBXGroup;
			children = (
				935CC917C5AFAE493F0DC74D /* Pods-tipCalculator.debug.xcconfig */,
				2F367BA49931793BD13CE77A /* Pods-tipCalculator.release.xcconfig */,
			);
			name = Pods;
			sourceTree = "<group>";
		};
/* End PBXGroup section */

/* Begin PBXNativeTarget section */
		8C3806001E02395D008144D6 /* tipCalculator */ = {
			isa = PBXNativeTarget;
			buildConfigurationList = 8C3806291E02395D008144D6 /* Build configuration list for PBXNativeTarget "tipCalculator" */;
			buildPhases = (
				D5D5769B35B82CA4FD568F3D /* [CP] Check Pods Manifest.lock */,
				8C3805FD1E02395D008144D6 /* Sources */,
				8C3805FE1E02395D008144D6 /* Frameworks */,
				8C3805FF1E02395D008144D6 /* Resources */,
				41ECBDCC638C51670759996A /* [CP] Embed Pods Frameworks */,
				9C4E20C9512A6F7CDDE0E981 /* [CP] Copy Pods Resources */,
			);
			buildRules = (
			);
			dependencies = (
			);
			name = tipCalculator;
			productName = tipCalculator;
			productReference = 8C3806011E02395D008144D6 /* tipCalculator.app */;
			productType = "com.apple.product-type.application";
		};
		8C3806141E02395D008144D6 /* tipCalculatorTests */ = {
			isa = PBXNativeTarget;
			buildConfigurationList = 8C38062C1E02395D008144D6 /* Build configuration list for PBXNativeTarget "tipCalculatorTests" */;
			buildPhases = (
				8C3806111E02395D008144D6 /* Sources */,
				8C3806121E02395D008144D6 /* Frameworks */,
				8C3806131E02395D008144D6 /* Resources */,
			);
			buildRules = (
			);
			dependencies = (
				8C3806171E02395D008144D6 /* PBXTargetDependency */,
			);
			name = tipCalculatorTests;
			productName = tipCalculatorTests;
			productReference = 8C3806151E02395D008144D6 /* tipCalculatorTests.xctest */;
			productType = "com.apple.product-type.bundle.unit-test";
		};
		8C38061F1E02395D008144D6 /* tipCalculatorUITests */ = {
			isa = PBXNativeTarget;
			buildConfigurationList = 8C38062F1E02395D008144D6 /* Build configuration list for PBXNativeTarget "tipCalculatorUITests" */;
			buildPhases = (
				8C38061C1E02395D008144D6 /* Sources */,
				8C38061D1E02395D008144D6 /* Frameworks */,
				8C38061E1E02395D008144D6 /* Resources */,
			);
			buildRules = (
			);
			dependencies = (
				8C3806221E02395D008144D6 /* PBXTargetDependency */,
			);
			name = tipCalculatorUITests;
			productName = tipCalculatorUITests;
			productReference = 8C3806201E02395D008144D6 /* tipCalculatorUITests.xctest */;
			productType = "com.apple.product-type.bundle.ui-testing";
		};
/* End PBXNativeTarget section */

/* Begin PBXProject section */
		8C3805F91E02395D008144D6 /* Project object */ = {
			isa = PBXProject;
			attributes = {
				LastSwiftUpdateCheck = 0730;
				LastUpgradeCheck = 0730;
				ORGANIZATIONNAME = "Daniel Sung";
				TargetAttributes = {
					8C3806001E02395D008144D6 = {
						CreatedOnToolsVersion = 7.3.1;
					};
					8C3806141E02395D008144D6 = {
						CreatedOnToolsVersion = 7.3.1;
						TestTargetID = 8C3806001E02395D008144D6;
					};
					8C38061F1E02395D008144D6 = {
						CreatedOnToolsVersion = 7.3.1;
						TestTargetID = 8C3806001E02395D008144D6;
					};
				};
			};
			buildConfigurationList = 8C3805FC1E02395D008144D6 /* Build configuration list for PBXProject "tipCalculator" */;
			compatibilityVersion = "Xcode 3.2";
			developmentRegion = English;
			hasScannedForEncodings = 0;
			knownRegions = (
				en,
				Base,
			);
			mainGroup = 8C3805F81E02395D008144D6;
			productRefGroup = 8C3806021E02395D008144D6 /* Products */;
			projectDirPath = "";
			projectRoot = "";
			targets = (
				8C3806001E02395D008144D6 /* tipCalculator */,
				8C3806141E02395D008144D6 /* tipCalculatorTests */,
				8C38061F1E02395D008144D6 /* tipCalculatorUITests */,
			);
		};
/* End PBXProject section */

/* Begin PBXResourcesBuildPhase section */
		8C3805FF1E02395D008144D6 /* Resources */ = {
			isa = PBXResourcesBuildPhase;
			buildActionMask = 2147483647;
			files = (
				8C38060F1E02395D008144D6 /* LaunchScreen.storyboard in Resources */,
				8C59C6C31E029472004EE2F9 /* DIN-Regular.ttf in Resources */,
				8C38060C1E02395D008144D6 /* Assets.xcassets in Resources */,
				8C59C6CE1E02A8DA004EE2F9 /* LOL Filled-25.png in Resources */,
				8C59C6D21E02A8E4004EE2F9 /* Sad Filled-25.png in Resources */,
				8C59C6D01E02A8DF004EE2F9 /* Happy Filled-25.png in Resources */,
				8C3806371E0270AC008144D6 /* Podfile in Resources */,
				8C38060A1E02395D008144D6 /* Main.storyboard in Resources */,
				8C59C6CC1E02A85C004EE2F9 /* Settings Filled-25.png in Resources */,
			);
			runOnlyForDeploymentPostprocessing = 0;
		};
		8C3806131E02395D008144D6 /* Resources */ = {
			isa = PBXResourcesBuildPhase;
			buildActionMask = 2147483647;
			files = (
			);
			runOnlyForDeploymentPostprocessing = 0;
		};
		8C38061E1E02395D008144D6 /* Resources */ = {
			isa = PBXResourcesBuildPhase;
			buildActionMask = 2147483647;
			files = (
			);
			runOnlyForDeploymentPostprocessing = 0;
		};
/* End PBXResourcesBuildPhase section */

/* Begin PBXShellScriptBuildPhase section */
		41ECBDCC638C51670759996A /* [CP] Embed Pods Frameworks */ = {
			isa = PBXShellScriptBuildPhase;
			buildActionMask = 2147483647;
			files = (
			);
			inputPaths = (
			);
			name = "[CP] Embed Pods Frameworks";
			outputPaths = (
			);
			runOnlyForDeploymentPostprocessing = 0;
			shellPath = /bin/sh;
			shellScript = "\"${SRCROOT}/Pods/Target Support Files/Pods-tipCalculator/Pods-tipCalculator-frameworks.sh\"\n";
			showEnvVarsInLog = 0;
		};
		9C4E20C9512A6F7CDDE0E981 /* [CP] Copy Pods Resources */ = {
			isa = PBXShellScriptBuildPhase;
			buildActionMask = 2147483647;
			files = (
			);
			inputPaths = (
			);
			name = "[CP] Copy Pods Resources";
			outputPaths = (
			);
			runOnlyForDeploymentPostprocessing = 0;
			shellPath = /bin/sh;
			shellScript = "\"${SRCROOT}/Pods/Target Support Files/Pods-tipCalculator/Pods-tipCalculator-resources.sh\"\n";
			showEnvVarsInLog = 0;
		};
		D5D5769B35B82CA4FD568F3D /* [CP] Check Pods Manifest.lock */ = {
			isa = PBXShellScriptBuildPhase;
			buildActionMask = 2147483647;
			files = (
			);
			inputPaths = (
			);
			name = "[CP] Check Pods Manifest.lock";
			outputPaths = (
			);
			runOnlyForDeploymentPostprocessing = 0;
			shellPath = /bin/sh;
			shellScript = "diff \"${PODS_ROOT}/../Podfile.lock\" \"${PODS_ROOT}/Manifest.lock\" > /dev/null\nif [ $? != 0 ] ; then\n    # print error to STDERR\n    echo \"error: The sandbox is not in sync with the Podfile.lock. Run 'pod install' or update your CocoaPods installation.\" >&2\n    exit 1\nfi\n";
			showEnvVarsInLog = 0;
		};
/* End PBXShellScriptBuildPhase section */

/* Begin PBXSourcesBuildPhase section */
		8C3805FD1E02395D008144D6 /* Sources */ = {
			isa = PBXSourcesBuildPhase;
			buildActionMask = 2147483647;
			files = (
				8C3806401E0281AC008144D6 /* ViewController.swift in Sources */,
				8C3806051E02395D008144D6 /* AppDelegate.swift in Sources */,
				8C3806331E0248FC008144D6 /* SettingsViewController.swift in Sources */,
				8C6B22E21E037E0800F3298E /* Style.swift in Sources */,
			);
			runOnlyForDeploymentPostprocessing = 0;
		};
		8C3806111E02395D008144D6 /* Sources */ = {
			isa = PBXSourcesBuildPhase;
			buildActionMask = 2147483647;
			files = (
				8C38061A1E02395D008144D6 /* tipCalculatorTests.swift in Sources */,
			);
			runOnlyForDeploymentPostprocessing = 0;
		};
		8C38061C1E02395D008144D6 /* Sources */ = {
			isa = PBXSourcesBuildPhase;
			buildActionMask = 2147483647;
			files = (
				8C3806251E02395D008144D6 /* tipCalculatorUITests.swift in Sources */,
			);
			runOnlyForDeploymentPostprocessing = 0;
		};
/* End PBXSourcesBuildPhase section */

/* Begin PBXTargetDependency section */
		8C3806171E02395D008144D6 /* PBXTargetDependency */ = {
			isa = PBXTargetDependency;
			target = 8C3806001E02395D008144D6 /* tipCalculator */;
			targetProxy = 8C3806161E02395D008144D6 /* PBXContainerItemProxy */;
		};
		8C3806221E02395D008144D6 /* PBXTargetDependency */ = {
			isa = PBXTargetDependency;
			target = 8C3806001E02395D008144D6 /* tipCalculator */;
			targetProxy = 8C3806211E02395D008144D6 /* PBXContainerItemProxy */;
		};
/* End PBXTargetDependency section */

/* Begin PBXVariantGroup section */
		8C3806081E02395D008144D6 /* Main.storyboard */ = {
			isa = PBXVariantGroup;
			children = (
				8C3806091E02395D008144D6 /* Base */,
			);
			name = Main.storyboard;
			sourceTree = "<group>";
		};
		8C38060D1E02395D008144D6 /* LaunchScreen.storyboard */ = {
			isa = PBXVariantGroup;
			children = (
				8C38060E1E02395D008144D6 /* Base */,
			);
			name = LaunchScreen.storyboard;
			sourceTree = "<group>";
		};
/* End PBXVariantGroup section */

/* Begin XCBuildConfiguration section */
		8C3806271E02395D008144D6 /* Debug */ = {
			isa = XCBuildConfiguration;
			buildSettings = {
				ALWAYS_SEARCH_USER_PATHS = NO;
				CLANG_ANALYZER_NONNULL = YES;
				CLANG_CXX_LANGUAGE_STANDARD = "gnu++0x";
				CLANG_CXX_LIBRARY = "libc++";
				CLANG_ENABLE_MODULES = YES;
				CLANG_ENABLE_OBJC_ARC = YES;
				CLANG_WARN_BOOL_CONVERSION = YES;
				CLANG_WARN_CONSTANT_CONVERSION = YES;
				CLANG_WARN_DIRECT_OBJC_ISA_USAGE = YES_ERROR;
				CLANG_WARN_EMPTY_BODY = YES;
				CLANG_WARN_ENUM_CONVERSION = YES;
				CLANG_WARN_INT_CONVERSION = YES;
				CLANG_WARN_OBJC_ROOT_CLASS = YES_ERROR;
				CLANG_WARN_UNREACHABLE_CODE = YES;
				CLANG_WARN__DUPLICATE_METHOD_MATCH = YES;
				"CODE_SIGN_IDENTITY[sdk=iphoneos*]" = "iPhone Developer";
				COPY_PHASE_STRIP = NO;
				DEBUG_INFORMATION_FORMAT = dwarf;
				ENABLE_STRICT_OBJC_MSGSEND = YES;
				ENABLE_TESTABILITY = YES;
				GCC_C_LANGUAGE_STANDARD = gnu99;
				GCC_DYNAMIC_NO_PIC = NO;
				GCC_NO_COMMON_BLOCKS = YES;
				GCC_OPTIMIZATION_LEVEL = 0;
				GCC_PREPROCESSOR_DEFINITIONS = (
					"DEBUG=1",
					"$(inherited)",
				);
				GCC_WARN_64_TO_32_BIT_CONVERSION = YES;
				GCC_WARN_ABOUT_RETURN_TYPE = YES_ERROR;
				GCC_WARN_UNDECLARED_SELECTOR = YES;
				GCC_WARN_UNINITIALIZED_AUTOS = YES_AGGRESSIVE;
				GCC_WARN_UNUSED_FUNCTION = YES;
				GCC_WARN_UNUSED_VARIABLE = YES;
				IPHONEOS_DEPLOYMENT_TARGET = 9.3;
				MTL_ENABLE_DEBUG_INFO = YES;
				ONLY_ACTIVE_ARCH = YES;
				SDKROOT = iphoneos;
				SWIFT_OPTIMIZATION_LEVEL = "-Onone";
				TARGETED_DEVICE_FAMILY = "1,2";
			};
			name = Debug;
		};
		8C3806281E02395D008144D6 /* Release */ = {
			isa = XCBuildConfiguration;
			buildSettings = {
				ALWAYS_SEARCH_USER_PATHS = NO;
				CLANG_ANALYZER_NONNULL = YES;
				CLANG_CXX_LANGUAGE_STANDARD = "gnu++0x";
				CLANG_CXX_LIBRARY = "libc++";
				CLANG_ENABLE_MODULES = YES;
				CLANG_ENABLE_OBJC_ARC = YES;
				CLANG_WARN_BOOL_CONVERSION = YES;
				CLANG_WARN_CONSTANT_CONVERSION = YES;
				CLANG_WARN_DIRECT_OBJC_ISA_USAGE = YES_ERROR;
				CLANG_WARN_EMPTY_BODY = YES;
				CLANG_WARN_ENUM_CONVERSION = YES;
				CLANG_WARN_INT_CONVERSION = YES;
				CLANG_WARN_OBJC_ROOT_CLASS = YES_ERROR;
				CLANG_WARN_UNREACHABLE_CODE = YES;
				CLANG_WARN__DUPLICATE_METHOD_MATCH = YES;
				"CODE_SIGN_IDENTITY[sdk=iphoneos*]" = "iPhone Developer";
				COPY_PHASE_STRIP = NO;
				DEBUG_INFORMATION_FORMAT = "dwarf-with-dsym";
				ENABLE_NS_ASSERTIONS = NO;
				ENABLE_STRICT_OBJC_MSGSEND = YES;
				GCC_C_LANGUAGE_STANDARD = gnu99;
				GCC_NO_COMMON_BLOCKS = YES;
				GCC_WARN_64_TO_32_BIT_CONVERSION = YES;
				GCC_WARN_ABOUT_RETURN_TYPE = YES_ERROR;
				GCC_WARN_UNDECLARED_SELECTOR = YES;
				GCC_WARN_UNINITIALIZED_AUTOS = YES_AGGRESSIVE;
				GCC_WARN_UNUSED_FUNCTION = YES;
				GCC_WARN_UNUSED_VARIABLE = YES;
				IPHONEOS_DEPLOYMENT_TARGET = 9.3;
				MTL_ENABLE_DEBUG_INFO = NO;
				SDKROOT = iphoneos;
				TARGETED_DEVICE_FAMILY = "1,2";
				VALIDATE_PRODUCT = YES;
			};
			name = Release;
		};
		8C38062A1E02395D008144D6 /* Debug */ = {
			isa = XCBuildConfiguration;
			baseConfigurationReference = 935CC917C5AFAE493F0DC74D /* Pods-tipCalculator.debug.xcconfig */;
			buildSettings = {
				ASSETCATALOG_COMPILER_APPICON_NAME = AppIcon;
				INFOPLIST_FILE = tipCalculator/Info.plist;
				LD_RUNPATH_SEARCH_PATHS = "$(inherited) @executable_path/Frameworks";
				PRODUCT_BUNDLE_IDENTIFIER = "Daniel-Sung.tipCalculator";
				PRODUCT_NAME = "$(TARGET_NAME)";
			};
			name = Debug;
		};
		8C38062B1E02395D008144D6 /* Release */ = {
			isa = XCBuildConfiguration;
			baseConfigurationReference = 2F367BA49931793BD13CE77A /* Pods-tipCalculator.release.xcconfig */;
			buildSettings = {
				ASSETCATALOG_COMPILER_APPICON_NAME = AppIcon;
				INFOPLIST_FILE = tipCalculator/Info.plist;
				LD_RUNPATH_SEARCH_PATHS = "$(inherited) @executable_path/Frameworks";
				PRODUCT_BUNDLE_IDENTIFIER = "Daniel-Sung.tipCalculator";
				PRODUCT_NAME = "$(TARGET_NAME)";
			};
			name = Release;
		};
		8C38062D1E02395D008144D6 /* Debug */ = {
			isa = XCBuildConfiguration;
			buildSettings = {
				BUNDLE_LOADER = "$(TEST_HOST)";
				INFOPLIST_FILE = tipCalculatorTests/Info.plist;
				LD_RUNPATH_SEARCH_PATHS = "$(inherited) @executable_path/Frameworks @loader_path/Frameworks";
				PRODUCT_BUNDLE_IDENTIFIER = "Daniel-Sung.tipCalculatorTests";
				PRODUCT_NAME = "$(TARGET_NAME)";
				TEST_HOST = "$(BUILT_PRODUCTS_DIR)/tipCalculator.app/tipCalculator";
			};
			name = Debug;
		};
		8C38062E1E02395D008144D6 /* Release */ = {
			isa = XCBuildConfiguration;
			buildSettings = {
				BUNDLE_LOADER = "$(TEST_HOST)";
				INFOPLIST_FILE = tipCalculatorTests/Info.plist;
				LD_RUNPATH_SEARCH_PATHS = "$(inherited) @executable_path/Frameworks @loader_path/Frameworks";
				PRODUCT_BUNDLE_IDENTIFIER = "Daniel-Sung.tipCalculatorTests";
				PRODUCT_NAME = "$(TARGET_NAME)";
				TEST_HOST = "$(BUILT_PRODUCTS_DIR)/tipCalculator.app/tipCalculator";
			};
			name = Release;
		};
		8C3806301E02395D008144D6 /* Debug */ = {
			isa = XCBuildConfiguration;
			buildSettings = {
				INFOPLIST_FILE = tipCalculatorUITests/Info.plist;
				LD_RUNPATH_SEARCH_PATHS = "$(inherited) @executable_path/Frameworks @loader_path/Frameworks";
				PRODUCT_BUNDLE_IDENTIFIER = "Daniel-Sung.tipCalculatorUITests";
				PRODUCT_NAME = "$(TARGET_NAME)";
				TEST_TARGET_NAME = tipCalculator;
			};
			name = Debug;
		};
		8C3806311E02395D008144D6 /* Release */ = {
			isa = XCBuildConfiguration;
			buildSettings = {
				INFOPLIST_FILE = tipCalculatorUITests/Info.plist;
				LD_RUNPATH_SEARCH_PATHS = "$(inherited) @executable_path/Frameworks @loader_path/Frameworks";
				PRODUCT_BUNDLE_IDENTIFIER = "Daniel-Sung.tipCalculatorUITests";
				PRODUCT_NAME = "$(TARGET_NAME)";
				TEST_TARGET_NAME = tipCalculator;
			};
			name = Release;
		};
/* End XCBuildConfiguration section */

/* Begin XCConfigurationList section */
		8C3805FC1E02395D008144D6 /* Build configuration list for PBXProject "tipCalculator" */ = {
			isa = XCConfigurationList;
			buildConfigurations = (
				8C3806271E02395D008144D6 /* Debug */,
				8C3806281E02395D008144D6 /* Release */,
			);
			defaultConfigurationIsVisible = 0;
			defaultConfigurationName = Release;
		};
		8C3806291E02395D008144D6 /* Build configuration list for PBXNativeTarget "tipCalculator" */ = {
			isa = XCConfigurationList;
			buildConfigurations = (
				8C38062A1E02395D008144D6 /* Debug */,
				8C38062B1E02395D008144D6 /* Release */,
			);
			defaultConfigurationIsVisible = 0;
			defaultConfigurationName = Release;
		};
		8C38062C1E02395D008144D6 /* Build configuration list for PBXNativeTarget "tipCalculatorTests" */ = {
			isa = XCConfigurationList;
			buildConfigurations = (
				8C38062D1E02395D008144D6 /* Debug */,
				8C38062E1E02395D008144D6 /* Release */,
			);
			defaultConfigurationIsVisible = 0;
			defaultConfigurationName = Release;
		};
		8C38062F1E02395D008144D6 /* Build configuration list for PBXNativeTarget "tipCalculatorUITests" */ = {
			isa = XCConfigurationList;
			buildConfigurations = (
				8C3806301E02395D008144D6 /* Debug */,
				8C3806311E02395D008144D6 /* Release */,
			);
			defaultConfigurationIsVisible = 0;
			defaultConfigurationName = Release;
		};
/* End XCConfigurationList section */
	};
	rootObject = 8C3805F91E02395D008144D6 /* Project object */;
}
